{"version":4,"terraform_version":"1.11.6","serial":3,"lineage":"7ac4c260-4912-d8be-9327-0ba178e9b9af","outputs":{},"resources":[{"mode":"managed","type":"kubernetes_manifest","name":"cluster_registration_token","provider":"provider[\"registry.opentofu.org/hashicorp/kubernetes\"].rancher","instances":[]},{"mode":"managed","type":"kubernetes_manifest","name":"k3k_cluster","provider":"provider[\"registry.opentofu.org/hashicorp/kubernetes\"].host","instances":[{"schema_version":1,"attributes":{"computed_fields":null,"field_manager":[],"manifest":{"value":{"apiVersion":"k3k.io/v1beta1","kind":"Cluster","metadata":{"name":"k3k-terraform-test","namespace":"tenant2"},"spec":{"agents":1,"mode":"shared","persistence":{"storageClassName":"harvester","storageRequestSize":"3Gi","type":"dynamic"},"servers":1,"version":"v1.33.10-k3s1"}},"type":["object",{"apiVersion":"string","kind":"string","metadata":["object",{"name":"string","namespace":"string"}],"spec":["object",{"agents":"number","mode":"string","persistence":["object",{"storageClassName":"string","storageRequestSize":"string","type":"string"}],"servers":"number","version":"string"}]}]},"object":{"value":{"apiVersion":"k3k.io/v1beta1","kind":"Cluster","metadata":{"annotations":null,"creationTimestamp":null,"deletionGracePeriodSeconds":null,"deletionTimestamp":null,"finalizers":["cluster.k3k.io/finalizer"],"generateName":null,"generation":null,"labels":null,"managedFields":null,"name":"k3k-terraform-test","namespace":"tenant2","ownerReferences":null,"resourceVersion":null,"selfLink":null,"uid":null},"spec":{"addons":null,"agentArgs":null,"agentEnvs":null,"agents":1,"clusterCIDR":null,"clusterDNS":null,"customCAs":{"enabled":null,"sources":{"clientCA":{"secretName":null},"etcdPeerCA":{"secretName":null},"etcdServerCA":{"secretName":null},"requestHeaderCA":{"secretName":null},"serverCA":{"secretName":null},"serviceAccountToken":{"secretName":null}}},"expose":{"ingress":{"annotations":null,"ingressClassName":null},"loadBalancer":{"etcdPort":null,"serverPort":null},"nodePort":{"etcdPort":null,"serverPort":null}},"mirrorHostNodes":null,"mode":"shared","nodeSelector":null,"persistence":{"storageClassName":"harvester","storageRequestSize":"3Gi","type":"dynamic"},"priorityClass":null,"secretMounts":null,"serverArgs":null,"serverEnvs":null,"serverLimit":null,"servers":1,"serviceCIDR":null,"sync":{"configMaps":{"enabled":true,"selector":null},"ingresses":{"enabled":false,"selector":null},"persistentVolumeClaims":{"enabled":true,"selector":null},"priorityClasses":{"enabled":false,"selector":null},"secrets":{"enabled":true,"selector":null},"services":{"enabled":true,"selector":null}},"tlsSANs":null,"tokenSecretRef":{"name":null,"namespace":null},"version":"v1.33.10-k3s1","workerLimit":null}},"type":["object",{"apiVersion":"string","kind":"string","metadata":["object",{"annotations":["map","string"],"creationTimestamp":"string","deletionGracePeriodSeconds":"number","deletionTimestamp":"string","finalizers":["list","string"],"generateName":"string","generation":"number","labels":["map","string"],"managedFields":["tuple",[["object",{"apiVersion":"string","fieldsType":"string","fieldsV1":"dynamic","manager":"string","operation":"string","subresource":"string","time":"string"}]]],"name":"string","namespace":"string","ownerReferences":["list",["object",{"apiVersion":"string","blockOwnerDeletion":"bool","controller":"bool","kind":"string","name":"string","uid":"string"}]],"resourceVersion":"string","selfLink":"string","uid":"string"}],"spec":["object",{"addons":["list",["object",{"secretNamespace":"string","secretRef":"string"}]],"agentArgs":["list","string"],"agentEnvs":["list",["object",{"name":"string","value":"string","valueFrom":["object",{"configMapKeyRef":["object",{"key":"string","name":"string","optional":"bool"}],"fieldRef":["object",{"apiVersion":"string","fieldPath":"string"}],"resourceFieldRef":["object",{"containerName":"string","divisor":"string","resource":"string"}],"secretKeyRef":["object",{"key":"string","name":"string","optional":"bool"}]}]}]],"agents":"number","clusterCIDR":"string","clusterDNS":"string","customCAs":["object",{"enabled":"bool","sources":["object",{"clientCA":["object",{"secretName":"string"}],"etcdPeerCA":["object",{"secretName":"string"}],"etcdServerCA":["object",{"secretName":"string"}],"requestHeaderCA":["object",{"secretName":"string"}],"serverCA":["object",{"secretName":"string"}],"serviceAccountToken":["object",{"secretName":"string"}]}]}],"expose":["object",{"ingress":["object",{"annotations":["map","string"],"ingressClassName":"string"}],"loadBalancer":["object",{"etcdPort":"number","serverPort":"number"}],"nodePort":["object",{"etcdPort":"number","serverPort":"number"}]}],"mirrorHostNodes":"bool","mode":"string","nodeSelector":["map","string"],"persistence":["object",{"storageClassName":"string","storageRequestSize":"string","type":"string"}],"priorityClass":"string","secretMounts":["list",["object",{"defaultMode":"number","items":["list",["object",{"key":"string","mode":"number","path":"string"}]],"mountPath":"string","optional":"bool","role":"string","secretName":"string","subPath":"string"}]],"serverArgs":["list","string"],"serverEnvs":["list",["object",{"name":"string","value":"string","valueFrom":["object",{"configMapKeyRef":["object",{"key":"string","name":"string","optional":"bool"}],"fieldRef":["object",{"apiVersion":"string","fieldPath":"string"}],"resourceFieldRef":["object",{"containerName":"string","divisor":"string","resource":"string"}],"secretKeyRef":["object",{"key":"string","name":"string","optional":"bool"}]}]}]],"serverLimit":["map","string"],"servers":"number","serviceCIDR":"string","sync":["object",{"configMaps":["object",{"enabled":"bool","selector":["map","string"]}],"ingresses":["object",{"enabled":"bool","selector":["map","string"]}],"persistentVolumeClaims":["object",{"enabled":"bool","selector":["map","string"]}],"priorityClasses":["object",{"enabled":"bool","selector":["map","string"]}],"secrets":["object",{"enabled":"bool","selector":["map","string"]}],"services":["object",{"enabled":"bool","selector":["map","string"]}]}],"tlsSANs":["list","string"],"tokenSecretRef":["object",{"name":"string","namespace":"string"}],"version":"string","workerLimit":["map","string"]}]}]},"timeouts":[],"wait":[],"wait_for":null},"sensitive_attributes":[]}]},{"mode":"managed","type":"kubernetes_manifest","name":"rancher_cluster","provider":"provider[\"registry.opentofu.org/hashicorp/kubernetes\"].rancher","instances":[{"schema_version":1,"attributes":{"computed_fields":null,"field_manager":[],"manifest":{"value":{"apiVersion":"provisioning.cattle.io/v1","kind":"Cluster","metadata":{"annotations":{"rancher.io/imported-cluster-version-management":"false","ui.rancher/k3k-namespace":"tenant2","ui.rancher/parent-cluster-display":"kubevip","ui.rancher/provider":"k3k"},"labels":{"deploy-metallb":"allowed"},"name":"k3k-terraform-test","namespace":"fleet-default"},"spec":{}},"type":["object",{"apiVersion":"string","kind":"string","metadata":["object",{"annotations":["object",{"rancher.io/imported-cluster-version-management":"string","ui.rancher/k3k-namespace":"string","ui.rancher/parent-cluster-display":"string","ui.rancher/provider":"string"}],"labels":["object",{"deploy-metallb":"string"}],"name":"string","namespace":"string"}],"spec":["object",{}]}]},"object":{"value":{"apiVersion":"provisioning.cattle.io/v1","kind":"Cluster","metadata":{"annotations":{"field.cattle.io/creatorId":"user-5r5mr","provisioning.cattle.io/management-cluster-display-name":"k3k-terraform-test","rancher.io/imported-cluster-version-management":"false","ui.rancher/k3k-namespace":"tenant2","ui.rancher/parent-cluster-display":"kubevip","ui.rancher/provider":"k3k"},"creationTimestamp":null,"deletionGracePeriodSeconds":null,"deletionTimestamp":null,"finalizers":["wrangler.cattle.io/provisioning-cluster-remove","wrangler.cattle.io/rke-cluster-remove","wrangler.cattle.io/cloud-config-secret-remover"],"generateName":null,"generation":null,"labels":{"deploy-metallb":"allowed"},"managedFields":null,"name":"k3k-terraform-test","namespace":"fleet-default","ownerReferences":null,"resourceVersion":null,"selfLink":null,"uid":null},"spec":{"agentEnvVars":null,"cloudCredentialSecretName":null,"clusterAPIConfig":{"clusterName":null},"clusterAgentDeploymentCustomization":{"appendTolerations":null,"overrideAffinity":{"nodeAffinity":{"preferredDuringSchedulingIgnoredDuringExecution":null,"requiredDuringSchedulingIgnoredDuringExecution":{"nodeSelectorTerms":null}},"podAffinity":{"preferredDuringSchedulingIgnoredDuringExecution":null,"requiredDuringSchedulingIgnoredDuringExecution":null},"podAntiAffinity":{"preferredDuringSchedulingIgnoredDuringExecution":null,"requiredDuringSchedulingIgnoredDuringExecution":null}},"overrideResourceRequirements":{"claims":null,"limits":null,"requests":null},"schedulingCustomization":{"podDisruptionBudget":{"maxUnavailable":null,"minAvailable":null},"priorityClass":{"preemptionPolicy":null,"value":null}}},"defaultClusterRoleForProjectMembers":null,"defaultPodSecurityAdmissionConfigurationTemplateName":null,"enableNetworkPolicy":null,"fleetAgentDeploymentCustomization":{"appendTolerations":null,"overrideAffinity":{"nodeAffinity":{"preferredDuringSchedulingIgnoredDuringExecution":null,"requiredDuringSchedulingIgnoredDuringExecution":{"nodeSelectorTerms":null}},"podAffinity":{"preferredDuringSchedulingIgnoredDuringExecution":null,"requiredDuringSchedulingIgnoredDuringExecution":null},"podAntiAffinity":{"preferredDuringSchedulingIgnoredDuringExecution":null,"requiredDuringSchedulingIgnoredDuringExecution":null}},"overrideResourceRequirements":{"claims":null,"limits":null,"requests":null},"schedulingCustomization":{"podDisruptionBudget":{"maxUnavailable":null,"minAvailable":null},"priorityClass":{"preemptionPolicy":null,"value":null}}},"kubernetesVersion":null,"localClusterAuthEndpoint":{"caCerts":null,"enabled":null,"fqdn":null},"redeploySystemAgentGeneration":null,"rkeConfig":{"additionalManifest":null,"chartValues":null,"dataDirectories":{"k8sDistro":null,"provisioning":null,"systemAgent":null},"etcd":{"disableSnapshots":null,"s3":{"bucket":null,"cloudCredentialName":null,"endpoint":null,"endpointCA":null,"folder":null,"region":null,"skipSSLVerify":null},"snapshotRetention":null,"snapshotScheduleCron":null},"etcdSnapshotCreate":{"generation":null},"etcdSnapshotRestore":{"generation":null,"name":null,"restoreRKEConfig":null},"infrastructureRef":{"apiVersion":null,"fieldPath":null,"kind":null,"name":null,"namespace":null,"resourceVersion":null,"uid":null},"machineGlobalConfig":null,"machinePoolDefaults":{"hostnameLengthLimit":null},"machinePools":null,"machineSelectorConfig":null,"machineSelectorFiles":null,"networking":{"stackPreference":null},"provisionGeneration":null,"registries":{"configs":null,"mirrors":null},"rotateCertificates":{"generation":null,"services":null},"rotateEncryptionKeys":{"generation":null},"upgradeStrategy":{"controlPlaneConcurrency":null,"controlPlaneDrainOptions":{"deleteEmptyDirData":null,"disableEviction":null,"enabled":null,"force":null,"gracePeriod":null,"ignoreDaemonSets":null,"ignoreErrors":null,"postDrainHooks":null,"preDrainHooks":null,"skipWaitForDeleteTimeoutSeconds":null,"timeout":null},"workerConcurrency":null,"workerDrainOptions":{"deleteEmptyDirData":null,"disableEviction":null,"enabled":null,"force":null,"gracePeriod":null,"ignoreDaemonSets":null,"ignoreErrors":null,"postDrainHooks":null,"preDrainHooks":null,"skipWaitForDeleteTimeoutSeconds":null,"timeout":null}}}}},"type":["object",{"apiVersion":"string","kind":"string","metadata":["object",{"annotations":["map","string"],"creationTimestamp":"string","deletionGracePeriodSeconds":"number","deletionTimestamp":"string","finalizers":["list","string"],"generateName":"string","generation":"number","labels":["map","string"],"managedFields":["tuple",[["object",{"apiVersion":"string","fieldsType":"string","fieldsV1":"dynamic","manager":"string","operation":"string","subresource":"string","time":"string"}]]],"name":"string","namespace":"string","ownerReferences":["list",["object",{"apiVersion":"string","blockOwnerDeletion":"bool","controller":"bool","kind":"string","name":"string","uid":"string"}]],"resourceVersion":"string","selfLink":"string","uid":"string"}],"spec":["object",{"agentEnvVars":["list",["object",{"name":"string","value":"string"}]],"cloudCredentialSecretName":"string","clusterAPIConfig":["object",{"clusterName":"string"}],"clusterAgentDeploymentCustomization":["object",{"appendTolerations":["list",["object",{"effect":"string","key":"string","operator":"string","tolerationSeconds":"number","value":"string"}]],"overrideAffinity":["object",{"nodeAffinity":["object",{"preferredDuringSchedulingIgnoredDuringExecution":["list",["object",{"preference":["object",{"matchExpressions":["list",["object",{"key":"string","operator":"string","values":["list","string"]}]],"matchFields":["list",["object",{"key":"string","operator":"string","values":["list","string"]}]]}],"weight":"number"}]],"requiredDuringSchedulingIgnoredDuringExecution":["object",{"nodeSelectorTerms":["list",["object",{"matchExpressions":["list",["object",{"key":"string","operator":"string","values":["list","string"]}]],"matchFields":["list",["object",{"key":"string","operator":"string","values":["list","string"]}]]}]]}]}],"podAffinity":["object",{"preferredDuringSchedulingIgnoredDuringExecution":["list",["object",{"podAffinityTerm":["object",{"labelSelector":["object",{"matchExpressions":["list",["object",{"key":"string","operator":"string","values":["list","string"]}]],"matchLabels":["map","string"]}],"matchLabelKeys":["list","string"],"mismatchLabelKeys":["list","string"],"namespaceSelector":["object",{"matchExpressions":["list",["object",{"key":"string","operator":"string","values":["list","string"]}]],"matchLabels":["map","string"]}],"namespaces":["list","string"],"topologyKey":"string"}],"weight":"number"}]],"requiredDuringSchedulingIgnoredDuringExecution":["list",["object",{"labelSelector":["object",{"matchExpressions":["list",["object",{"key":"string","operator":"string","values":["list","string"]}]],"matchLabels":["map","string"]}],"matchLabelKeys":["list","string"],"mismatchLabelKeys":["list","string"],"namespaceSelector":["object",{"matchExpressions":["list",["object",{"key":"string","operator":"string","values":["list","string"]}]],"matchLabels":["map","string"]}],"namespaces":["list","string"],"topologyKey":"string"}]]}],"podAntiAffinity":["object",{"preferredDuringSchedulingIgnoredDuringExecution":["list",["object",{"podAffinityTerm":["object",{"labelSelector":["object",{"matchExpressions":["list",["object",{"key":"string","operator":"string","values":["list","string"]}]],"matchLabels":["map","string"]}],"matchLabelKeys":["list","string"],"mismatchLabelKeys":["list","string"],"namespaceSelector":["object",{"matchExpressions":["list",["object",{"key":"string","operator":"string","values":["list","string"]}]],"matchLabels":["map","string"]}],"namespaces":["list","string"],"topologyKey":"string"}],"weight":"number"}]],"requiredDuringSchedulingIgnoredDuringExecution":["list",["object",{"labelSelector":["object",{"matchExpressions":["list",["object",{"key":"string","operator":"string","values":["list","string"]}]],"matchLabels":["map","string"]}],"matchLabelKeys":["list","string"],"mismatchLabelKeys":["list","string"],"namespaceSelector":["object",{"matchExpressions":["list",["object",{"key":"string","operator":"string","values":["list","string"]}]],"matchLabels":["map","string"]}],"namespaces":["list","string"],"topologyKey":"string"}]]}]}],"overrideResourceRequirements":["object",{"claims":["list",["object",{"name":"string","request":"string"}]],"limits":["map","string"],"requests":["map","string"]}],"schedulingCustomization":["object",{"podDisruptionBudget":["object",{"maxUnavailable":"string","minAvailable":"string"}],"priorityClass":["object",{"preemptionPolicy":"string","value":"number"}]}]}],"defaultClusterRoleForProjectMembers":"string","defaultPodSecurityAdmissionConfigurationTemplateName":"string","enableNetworkPolicy":"bool","fleetAgentDeploymentCustomization":["object",{"appendTolerations":["list",["object",{"effect":"string","key":"string","operator":"string","tolerationSeconds":"number","value":"string"}]],"overrideAffinity":["object",{"nodeAffinity":["object",{"preferredDuringSchedulingIgnoredDuringExecution":["list",["object",{"preference":["object",{"matchExpressions":["list",["object",{"key":"string","operator":"string","values":["list","string"]}]],"matchFields":["list",["object",{"key":"string","operator":"string","values":["list","string"]}]]}],"weight":"number"}]],"requiredDuringSchedulingIgnoredDuringExecution":["object",{"nodeSelectorTerms":["list",["object",{"matchExpressions":["list",["object",{"key":"string","operator":"string","values":["list","string"]}]],"matchFields":["list",["object",{"key":"string","operator":"string","values":["list","string"]}]]}]]}]}],"podAffinity":["object",{"preferredDuringSchedulingIgnoredDuringExecution":["list",["object",{"podAffinityTerm":["object",{"labelSelector":["object",{"matchExpressions":["list",["object",{"key":"string","operator":"string","values":["list","string"]}]],"matchLabels":["map","string"]}],"matchLabelKeys":["list","string"],"mismatchLabelKeys":["list","string"],"namespaceSelector":["object",{"matchExpressions":["list",["object",{"key":"string","operator":"string","values":["list","string"]}]],"matchLabels":["map","string"]}],"namespaces":["list","string"],"topologyKey":"string"}],"weight":"number"}]],"requiredDuringSchedulingIgnoredDuringExecution":["list",["object",{"labelSelector":["object",{"matchExpressions":["list",["object",{"key":"string","operator":"string","values":["list","string"]}]],"matchLabels":["map","string"]}],"matchLabelKeys":["list","string"],"mismatchLabelKeys":["list","string"],"namespaceSelector":["object",{"matchExpressions":["list",["object",{"key":"string","operator":"string","values":["list","string"]}]],"matchLabels":["map","string"]}],"namespaces":["list","string"],"topologyKey":"string"}]]}],"podAntiAffinity":["object",{"preferredDuringSchedulingIgnoredDuringExecution":["list",["object",{"podAffinityTerm":["object",{"labelSelector":["object",{"matchExpressions":["list",["object",{"key":"string","operator":"string","values":["list","string"]}]],"matchLabels":["map","string"]}],"matchLabelKeys":["list","string"],"mismatchLabelKeys":["list","string"],"namespaceSelector":["object",{"matchExpressions":["list",["object",{"key":"string","operator":"string","values":["list","string"]}]],"matchLabels":["map","string"]}],"namespaces":["list","string"],"topologyKey":"string"}],"weight":"number"}]],"requiredDuringSchedulingIgnoredDuringExecution":["list",["object",{"labelSelector":["object",{"matchExpressions":["list",["object",{"key":"string","operator":"string","values":["list","string"]}]],"matchLabels":["map","string"]}],"matchLabelKeys":["list","string"],"mismatchLabelKeys":["list","string"],"namespaceSelector":["object",{"matchExpressions":["list",["object",{"key":"string","operator":"string","values":["list","string"]}]],"matchLabels":["map","string"]}],"namespaces":["list","string"],"topologyKey":"string"}]]}]}],"overrideResourceRequirements":["object",{"claims":["list",["object",{"name":"string","request":"string"}]],"limits":["map","string"],"requests":["map","string"]}],"schedulingCustomization":["object",{"podDisruptionBudget":["object",{"maxUnavailable":"string","minAvailable":"string"}],"priorityClass":["object",{"preemptionPolicy":"string","value":"number"}]}]}],"kubernetesVersion":"string","localClusterAuthEndpoint":["object",{"caCerts":"string","enabled":"bool","fqdn":"string"}],"redeploySystemAgentGeneration":"number","rkeConfig":["object",{"additionalManifest":"string","chartValues":"dynamic","dataDirectories":["object",{"k8sDistro":"string","provisioning":"string","systemAgent":"string"}],"etcd":["object",{"disableSnapshots":"bool","s3":["object",{"bucket":"string","cloudCredentialName":"string","endpoint":"string","endpointCA":"string","folder":"string","region":"string","skipSSLVerify":"bool"}],"snapshotRetention":"number","snapshotScheduleCron":"string"}],"etcdSnapshotCreate":["object",{"generation":"number"}],"etcdSnapshotRestore":["object",{"generation":"number","name":"string","restoreRKEConfig":"string"}],"infrastructureRef":["object",{"apiVersion":"string","fieldPath":"string","kind":"string","name":"string","namespace":"string","resourceVersion":"string","uid":"string"}],"machineGlobalConfig":"dynamic","machinePoolDefaults":["object",{"hostnameLengthLimit":"number"}],"machinePools":["list",["object",{"autoscalingMaxSize":"number","autoscalingMinSize":"number","cloudCredentialSecretName":"string","controlPlaneRole":"bool","displayName":"string","drainBeforeDelete":"bool","drainBeforeDeleteTimeout":"string","dynamicSchemaSpec":"string","etcdRole":"bool","hostnameLengthLimit":"number","labels":["map","string"],"machineConfigRef":["object",{"apiVersion":"string","fieldPath":"string","kind":"string","name":"string","namespace":"string","resourceVersion":"string","uid":"string"}],"machineDeploymentAnnotations":["map","string"],"machineDeploymentLabels":["map","string"],"machineOS":"string","maxUnhealthy":"string","name":"string","nodeStartupTimeout":"string","paused":"bool","quantity":"number","rollingUpdate":["object",{"maxSurge":"string","maxUnavailable":"string"}],"taints":["list",["object",{"effect":"string","key":"string","timeAdded":"string","value":"string"}]],"unhealthyNodeTimeout":"string","unhealthyRange":"string","workerRole":"bool"}]],"machineSelectorConfig":["tuple",[["object",{"config":"dynamic","machineLabelSelector":["object",{"matchExpressions":["list",["object",{"key":"string","operator":"string","values":["list","string"]}]],"matchLabels":["map","string"]}]}]]],"machineSelectorFiles":["list",["object",{"fileSources":["list",["object",{"configMap":["object",{"defaultPermissions":"string","items":["list",["object",{"dynamic":"bool","hash":"string","key":"string","path":"string","permissions":"string"}]],"name":"string"}],"secret":["object",{"defaultPermissions":"string","items":["list",["object",{"dynamic":"bool","hash":"string","key":"string","path":"string","permissions":"string"}]],"name":"string"}]}]],"machineLabelSelector":["object",{"matchExpressions":["list",["object",{"key":"string","operator":"string","values":["list","string"]}]],"matchLabels":["map","string"]}]}]],"networking":["object",{"stackPreference":"string"}],"provisionGeneration":"number","registries":["object",{"configs":["map",["object",{"authConfigSecretName":"string","caBundle":"string","insecureSkipVerify":"bool","tlsSecretName":"string"}]],"mirrors":["map",["object",{"endpoint":["list","string"],"rewrite":["map","string"]}]]}],"rotateCertificates":["object",{"generation":"number","services":["list","string"]}],"rotateEncryptionKeys":["object",{"generation":"number"}],"upgradeStrategy":["object",{"controlPlaneConcurrency":"string","controlPlaneDrainOptions":["object",{"deleteEmptyDirData":"bool","disableEviction":"bool","enabled":"bool","force":"bool","gracePeriod":"number","ignoreDaemonSets":"bool","ignoreErrors":"bool","postDrainHooks":["list",["object",{"annotation":"string"}]],"preDrainHooks":["list",["object",{"annotation":"string"}]],"skipWaitForDeleteTimeoutSeconds":"number","timeout":"number"}],"workerConcurrency":"string","workerDrainOptions":["object",{"deleteEmptyDirData":"bool","disableEviction":"bool","enabled":"bool","force":"bool","gracePeriod":"number","ignoreDaemonSets":"bool","ignoreErrors":"bool","postDrainHooks":["list",["object",{"annotation":"string"}]],"preDrainHooks":["list",["object",{"annotation":"string"}]],"skipWaitForDeleteTimeoutSeconds":"number","timeout":"number"}]}]}]}]}]},"timeouts":[],"wait":[{"condition":[],"fields":{"status.clusterName":"*"},"rollout":null}],"wait_for":null},"sensitive_attributes":[]}]}],"check_results":null}
