{"version":4,"terraform_version":"1.11.6","serial":2,"lineage":"7ac4c260-4912-d8be-9327-0ba178e9b9af","outputs":{},"resources":[{"mode":"managed","type":"kubernetes_manifest","name":"k3k_cluster","provider":"provider[\"registry.opentofu.org/hashicorp/kubernetes\"].host","instances":[{"schema_version":1,"attributes":{"computed_fields":null,"field_manager":[],"manifest":{"value":{"apiVersion":"k3k.io/v1beta1","kind":"Cluster","metadata":{"name":"k3k-terraform-test","namespace":"tenant2"},"spec":{"agents":1,"mode":"shared","persistence":{"storageClassName":"harvester","storageRequestSize":"3Gi","type":"dynamic"},"servers":1,"version":"v1.33.10-k3s1"}},"type":["object",{"apiVersion":"string","kind":"string","metadata":["object",{"name":"string","namespace":"string"}],"spec":["object",{"agents":"number","mode":"string","persistence":["object",{"storageClassName":"string","storageRequestSize":"string","type":"string"}],"servers":"number","version":"string"}]}]},"object":{"value":{"apiVersion":"k3k.io/v1beta1","kind":"Cluster","metadata":{"annotations":null,"creationTimestamp":null,"deletionGracePeriodSeconds":null,"deletionTimestamp":null,"finalizers":["cluster.k3k.io/finalizer"],"generateName":null,"generation":null,"labels":null,"managedFields":null,"name":"k3k-terraform-test","namespace":"tenant2","ownerReferences":null,"resourceVersion":null,"selfLink":null,"uid":null},"spec":{"addons":null,"agentArgs":null,"agentEnvs":null,"agents":1,"clusterCIDR":null,"clusterDNS":null,"customCAs":{"enabled":null,"sources":{"clientCA":{"secretName":null},"etcdPeerCA":{"secretName":null},"etcdServerCA":{"secretName":null},"requestHeaderCA":{"secretName":null},"serverCA":{"secretName":null},"serviceAccountToken":{"secretName":null}}},"expose":{"ingress":{"annotations":null,"ingressClassName":null},"loadBalancer":{"etcdPort":null,"serverPort":null},"nodePort":{"etcdPort":null,"serverPort":null}},"mirrorHostNodes":null,"mode":"shared","nodeSelector":null,"persistence":{"storageClassName":"harvester","storageRequestSize":"3Gi","type":"dynamic"},"priorityClass":null,"secretMounts":null,"serverArgs":null,"serverEnvs":null,"serverLimit":null,"servers":1,"serviceCIDR":null,"sync":{"configMaps":{"enabled":true,"selector":null},"ingresses":{"enabled":false,"selector":null},"persistentVolumeClaims":{"enabled":true,"selector":null},"priorityClasses":{"enabled":false,"selector":null},"secrets":{"enabled":true,"selector":null},"services":{"enabled":true,"selector":null}},"tlsSANs":null,"tokenSecretRef":{"name":null,"namespace":null},"version":"v1.33.10-k3s1","workerLimit":null}},"type":["object",{"apiVersion":"string","kind":"string","metadata":["object",{"annotations":["map","string"],"creationTimestamp":"string","deletionGracePeriodSeconds":"number","deletionTimestamp":"string","finalizers":["list","string"],"generateName":"string","generation":"number","labels":["map","string"],"managedFields":["tuple",[["object",{"apiVersion":"string","fieldsType":"string","fieldsV1":"dynamic","manager":"string","operation":"string","subresource":"string","time":"string"}]]],"name":"string","namespace":"string","ownerReferences":["list",["object",{"apiVersion":"string","blockOwnerDeletion":"bool","controller":"bool","kind":"string","name":"string","uid":"string"}]],"resourceVersion":"string","selfLink":"string","uid":"string"}],"spec":["object",{"addons":["list",["object",{"secretNamespace":"string","secretRef":"string"}]],"agentArgs":["list","string"],"agentEnvs":["list",["object",{"name":"string","value":"string","valueFrom":["object",{"configMapKeyRef":["object",{"key":"string","name":"string","optional":"bool"}],"fieldRef":["object",{"apiVersion":"string","fieldPath":"string"}],"resourceFieldRef":["object",{"containerName":"string","divisor":"string","resource":"string"}],"secretKeyRef":["object",{"key":"string","name":"string","optional":"bool"}]}]}]],"agents":"number","clusterCIDR":"string","clusterDNS":"string","customCAs":["object",{"enabled":"bool","sources":["object",{"clientCA":["object",{"secretName":"string"}],"etcdPeerCA":["object",{"secretName":"string"}],"etcdServerCA":["object",{"secretName":"string"}],"requestHeaderCA":["object",{"secretName":"string"}],"serverCA":["object",{"secretName":"string"}],"serviceAccountToken":["object",{"secretName":"string"}]}]}],"expose":["object",{"ingress":["object",{"annotations":["map","string"],"ingressClassName":"string"}],"loadBalancer":["object",{"etcdPort":"number","serverPort":"number"}],"nodePort":["object",{"etcdPort":"number","serverPort":"number"}]}],"mirrorHostNodes":"bool","mode":"string","nodeSelector":["map","string"],"persistence":["object",{"storageClassName":"string","storageRequestSize":"string","type":"string"}],"priorityClass":"string","secretMounts":["list",["object",{"defaultMode":"number","items":["list",["object",{"key":"string","mode":"number","path":"string"}]],"mountPath":"string","optional":"bool","role":"string","secretName":"string","subPath":"string"}]],"serverArgs":["list","string"],"serverEnvs":["list",["object",{"name":"string","value":"string","valueFrom":["object",{"configMapKeyRef":["object",{"key":"string","name":"string","optional":"bool"}],"fieldRef":["object",{"apiVersion":"string","fieldPath":"string"}],"resourceFieldRef":["object",{"containerName":"string","divisor":"string","resource":"string"}],"secretKeyRef":["object",{"key":"string","name":"string","optional":"bool"}]}]}]],"serverLimit":["map","string"],"servers":"number","serviceCIDR":"string","sync":["object",{"configMaps":["object",{"enabled":"bool","selector":["map","string"]}],"ingresses":["object",{"enabled":"bool","selector":["map","string"]}],"persistentVolumeClaims":["object",{"enabled":"bool","selector":["map","string"]}],"priorityClasses":["object",{"enabled":"bool","selector":["map","string"]}],"secrets":["object",{"enabled":"bool","selector":["map","string"]}],"services":["object",{"enabled":"bool","selector":["map","string"]}]}],"tlsSANs":["list","string"],"tokenSecretRef":["object",{"name":"string","namespace":"string"}],"version":"string","workerLimit":["map","string"]}]}]},"timeouts":[],"wait":[],"wait_for":null},"sensitive_attributes":[]}]}],"check_results":null}
